
Microsoft Visual Studio Solution File, Format Version 12.00
# Visual Studio Version 16
VisualStudioVersion = 16.0.29911.84
MinimumVisualStudioVersion = 10.0.40219.1
Project("{9A19103F-16F7-4668-BE54-9A1E7A4F7556}") = "Sox", "Sox\Sox.csproj", "{B40AFD56-90B0-430D-B49B-9DC432CB891A}"
EndProject
Project("{9A19103F-16F7-4668-BE54-9A1E7A4F7556}") = "Sox.Tests", "Sox.Tests\Sox.Tests.csproj", "{3DD5942A-DFFD-4908-AD8C-8A4690235C08}"
EndProject
Project("{9A19103F-16F7-4668-BE54-9A1E7A4F7556}") = "Sox.EchoServer", "Sox.EchoServer\Sox.EchoServer.csproj", "{796D7745-BC63-4756-BCA6-D11D3A9F845B}"
EndProject
Project("{2150E333-8FDC-42A3-9474-1A3956D46DE8}") = "scripts", "scripts", "{06ED0324-C795-4741-899E-A9B496E9C207}"
	ProjectSection(SolutionItems) = preProject
		run-echo-server.sh = run-echo-server.sh
		test.sh = test.sh
	EndProjectSection
EndProject
Project("{FAE04EC0-301F-11D3-BF4B-00C04F79EFBC}") = "Sox.Benchmarks", "Sox.Benchmarks\Sox.Benchmarks.csproj", "{943321EA-9B61-49E8-842C-EAF780776E87}"
	ProjectSection(ProjectDependencies) = postProject
		{B40AFD56-90B0-430D-B49B-9DC432CB891A} = {B40AFD56-90B0-430D-B49B-9DC432CB891A}
	EndProjectSection
EndProject
Global
	GlobalSection(SolutionConfigurationPlatforms) = preSolution
		Debug|Any CPU = Debug|Any CPU
		Release|Any CPU = Release|Any CPU
	EndGlobalSection
	GlobalSection(ProjectConfigurationPlatforms) = postSolution
		{B40AFD56-90B0-430D-B49B-9DC432CB891A}.Debug|Any CPU.ActiveCfg = Debug|Any CPU
		{B40AFD56-90B0-430D-B49B-9DC432CB891A}.Debug|Any CPU.Build.0 = Debug|Any CPU
		{B40AFD56-90B0-430D-B49B-9DC432CB891A}.Release|Any CPU.ActiveCfg = Release|Any CPU
		{B40AFD56-90B0-430D-B49B-9DC432CB891A}.Release|Any CPU.Build.0 = Release|Any CPU
		{3DD5942A-DFFD-4908-AD8C-8A4690235C08}.Debug|Any CPU.ActiveCfg = Debug|Any CPU
		{3DD5942A-DFFD-4908-AD8C-8A4690235C08}.Debug|Any CPU.Build.0 = Debug|Any CPU
		{3DD5942A-DFFD-4908-AD8C-8A4690235C08}.Release|Any CPU.ActiveCfg = Release|Any CPU
		{3DD5942A-DFFD-4908-AD8C-8A4690235C08}.Release|Any CPU.Build.0 = Release|Any CPU
		{796D7745-BC63-4756-BCA6-D11D3A9F845B}.Debug|Any CPU.ActiveCfg = Debug|Any CPU
		{796D7745-BC63-4756-BCA6-D11D3A9F845B}.Debug|Any CPU.Build.0 = Debug|Any CPU
		{796D7745-BC63-4756-BCA6-D11D3A9F845B}.Release|Any CPU.ActiveCfg = Release|Any CPU
		{796D7745-BC63-4756-BCA6-D11D3A9F845B}.Release|Any CPU.Build.0 = Release|Any CPU
		{943321EA-9B61-49E8-842C-EAF780776E87}.Debug|Any CPU.ActiveCfg = Debug|Any CPU
		{943321EA-9B61-49E8-842C-EAF780776E87}.Debug|Any CPU.Build.0 = Debug|Any CPU
		{943321EA-9B61-49E8-842C-EAF780776E87}.Release|Any CPU.ActiveCfg = Release|Any CPU
		{943321EA-9B61-49E8-842C-EAF780776E87}.Release|Any CPU.Build.0 = Release|Any CPU
	EndGlobalSection
	GlobalSection(SolutionProperties) = preSolution
		HideSolutionNode = FALSE
	EndGlobalSection
	GlobalSection(ExtensibilityGlobals) = postSolution
		SolutionGuid = {73B0C4C0-1E74-42B6-AAD7-1F9B030002BE}
	EndGlobalSection
EndGlobal
