
Microsoft Visual Studio Solution File, Format Version 12.00
# Visual Studio 15
VisualStudioVersion = 15.0.27703.2026
MinimumVisualStudioVersion = 10.0.40219.1
Project("{FAE04EC0-301F-11D3-BF4B-00C04F79EFBC}") = "Sox.Core", "Sox.Core\Sox.Core.csproj", "{B40AFD56-90B0-430D-B49B-9DC432CB891A}"
EndProject
Project("{FAE04EC0-301F-11D3-BF4B-00C04F79EFBC}") = "Sox.Core.Tests", "Sox.Core.Tests\Sox.Core.Tests.csproj", "{3DD5942A-DFFD-4908-AD8C-8A4690235C08}"
EndProject
Project("{FAE04EC0-301F-11D3-BF4B-00C04F79EFBC}") = "Sox.Server", "Sox.Server\Sox.Server.csproj", "{84E01474-FC1B-47F1-8D4D-812CCC313F36}"
EndProject
Project("{FAE04EC0-301F-11D3-BF4B-00C04F79EFBC}") = "Sox.EchoServer", "Sox.EchoServer\Sox.EchoServer.csproj", "{796D7745-BC63-4756-BCA6-D11D3A9F845B}"
EndProject
Global
	GlobalSection(SolutionConfigurationPlatforms) = preSolution
		Debug|Any CPU = Debug|Any CPU
		Release|Any CPU = Release|Any CPU
	EndGlobalSection
	GlobalSection(ProjectConfigurationPlatforms) = postSolution
		{B40AFD56-90B0-430D-B49B-9DC432CB891A}.Debug|Any CPU.ActiveCfg = Debug|Any CPU
		{B40AFD56-90B0-430D-B49B-9DC432CB891A}.Debug|Any CPU.Build.0 = Debug|Any CPU
		{B40AFD56-90B0-430D-B49B-9DC432CB891A}.Release|Any CPU.ActiveCfg = Release|Any CPU
		{B40AFD56-90B0-430D-B49B-9DC432CB891A}.Release|Any CPU.Build.0 = Release|Any CPU
		{3DD5942A-DFFD-4908-AD8C-8A4690235C08}.Debug|Any CPU.ActiveCfg = Debug|Any CPU
		{3DD5942A-DFFD-4908-AD8C-8A4690235C08}.Debug|Any CPU.Build.0 = Debug|Any CPU
		{3DD5942A-DFFD-4908-AD8C-8A4690235C08}.Release|Any CPU.ActiveCfg = Release|Any CPU
		{3DD5942A-DFFD-4908-AD8C-8A4690235C08}.Release|Any CPU.Build.0 = Release|Any CPU
		{84E01474-FC1B-47F1-8D4D-812CCC313F36}.Debug|Any CPU.ActiveCfg = Debug|Any CPU
		{84E01474-FC1B-47F1-8D4D-812CCC313F36}.Debug|Any CPU.Build.0 = Debug|Any CPU
		{84E01474-FC1B-47F1-8D4D-812CCC313F36}.Release|Any CPU.ActiveCfg = Release|Any CPU
		{84E01474-FC1B-47F1-8D4D-812CCC313F36}.Release|Any CPU.Build.0 = Release|Any CPU
		{796D7745-BC63-4756-BCA6-D11D3A9F845B}.Debug|Any CPU.ActiveCfg = Debug|Any CPU
		{796D7745-BC63-4756-BCA6-D11D3A9F845B}.Debug|Any CPU.Build.0 = Debug|Any CPU
		{796D7745-BC63-4756-BCA6-D11D3A9F845B}.Release|Any CPU.ActiveCfg = Release|Any CPU
		{796D7745-BC63-4756-BCA6-D11D3A9F845B}.Release|Any CPU.Build.0 = Release|Any CPU
	EndGlobalSection
	GlobalSection(SolutionProperties) = preSolution
		HideSolutionNode = FALSE
	EndGlobalSection
	GlobalSection(ExtensibilityGlobals) = postSolution
		SolutionGuid = {73B0C4C0-1E74-42B6-AAD7-1F9B030002BE}
	EndGlobalSection
EndGlobal
